// !$*UTF8*$!
{
	archiveVersion = 1;
	classes = {
	};
	objectVersion = 56;
	objects = {

/* Begin PBXBuildFile section */
		3C2C55F0292F465500C316FB /* AppDelegate.swift in Sources */ = {isa = PBXBuildFile; fileRef = 3C2C55EF292F465500C316FB /* AppDelegate.swift */; };
		3C2C55F2292F465500C316FB /* SceneDelegate.swift in Sources */ = {isa = PBXBuildFile; fileRef = 3C2C55F1292F465500C316FB /* SceneDelegate.swift */; };
		3C2C55F4292F465500C316FB /* ViewController.swift in Sources */ = {isa = PBXBuildFile; fileRef = 3C2C55F3292F465500C316FB /* ViewController.swift */; };
		3C2C55F9292F465500C316FB /* Images.xcassets in Resources */ = {isa = PBXBuildFile; fileRef = 3C2C55F8292F465500C316FB /* Images.xcassets */; };
		3C2C55FC292F465500C316FB /* LaunchScreen.storyboard in Resources */ = {isa = PBXBuildFile; fileRef = 3C2C55FA292F465500C316FB /* LaunchScreen.storyboard */; };
		3C2C5605292F47CA00C316FB /* Alamofire in Frameworks */ = {isa = PBXBuildFile; productRef = 3C2C5604292F47CA00C316FB /* Alamofire */; };
		3C2C5607292F489500C316FB /* SceneDelegate+Extension.swift in Sources */ = {isa = PBXBuildFile; fileRef = 3C2C5606292F489500C316FB /* SceneDelegate+Extension.swift */; };
		3C2C561A292F4D6200C316FB /* swiftgen.yml in Resources */ = {isa = PBXBuildFile; fileRef = 3C2C5619292F4D6200C316FB /* swiftgen.yml */; };
		3C2C561D292F4DF900C316FB /* Colors.xcassets in Resources */ = {isa = PBXBuildFile; fileRef = 3C2C561C292F4DF900C316FB /* Colors.xcassets */; };
		3C2C561F292F509C00C316FB /* Colors.swift in Sources */ = {isa = PBXBuildFile; fileRef = 3C2C561E292F509B00C316FB /* Colors.swift */; };
		3C2C5621292F50AE00C316FB /* Images.swift in Sources */ = {isa = PBXBuildFile; fileRef = 3C2C5620292F50AE00C316FB /* Images.swift */; };
		3C2C5623292F50C400C316FB /* Fonts.swift in Sources */ = {isa = PBXBuildFile; fileRef = 3C2C5622292F50C400C316FB /* Fonts.swift */; };
		3C2C562C292F53E500C316FB /* APIRouterProtocol.swift in Sources */ = {isa = PBXBuildFile; fileRef = 3C2C562B292F53E500C316FB /* APIRouterProtocol.swift */; };
		3C2C562E292F544100C316FB /* AuthAPIRouter.swift in Sources */ = {isa = PBXBuildFile; fileRef = 3C2C562D292F544100C316FB /* AuthAPIRouter.swift */; };
		3C2C5630292F557100C316FB /* Constants.swift in Sources */ = {isa = PBXBuildFile; fileRef = 3C2C562F292F557000C316FB /* Constants.swift */; };
		3C2C5633292F574100C316FB /* APIClient.swift in Sources */ = {isa = PBXBuildFile; fileRef = 3C2C5632292F574100C316FB /* APIClient.swift */; };
		3C2C5638292F65C100C316FB /* ServerResponse.swift in Sources */ = {isa = PBXBuildFile; fileRef = 3C2C5637292F65C100C316FB /* ServerResponse.swift */; };
		3C2C563B292F65FC00C316FB /* UserEntity.swift in Sources */ = {isa = PBXBuildFile; fileRef = 3C2C563A292F65FC00C316FB /* UserEntity.swift */; };
		3C2C5642292F6CE900C316FB /* AuthGateway.swift in Sources */ = {isa = PBXBuildFile; fileRef = 3C2C5641292F6CE900C316FB /* AuthGateway.swift */; };
		3C2C5644292F6D6500C316FB /* LoginCredentials.swift in Sources */ = {isa = PBXBuildFile; fileRef = 3C2C5643292F6D6500C316FB /* LoginCredentials.swift */; };
		3C2C5647292F6F5400C316FB /* AuthRepo.swift in Sources */ = {isa = PBXBuildFile; fileRef = 3C2C5646292F6F5400C316FB /* AuthRepo.swift */; };
/* End PBXBuildFile section */

/* Begin PBXFileReference section */
		3C2C55EC292F465500C316FB /* iOS_loginRasid.app */ = {isa = PBXFileReference; explicitFileType = wrapper.application; includeInIndex = 0; path = iOS_loginRasid.app; sourceTree = BUILT_PRODUCTS_DIR; };
		3C2C55EF292F465500C316FB /* AppDelegate.swift */ = {isa = PBXFileReference; lastKnownFileType = sourcecode.swift; path = AppDelegate.swift; sourceTree = "<group>"; };
		3C2C55F1292F465500C316FB /* SceneDelegate.swift */ = {isa = PBXFileReference; lastKnownFileType = sourcecode.swift; path = SceneDelegate.swift; sourceTree = "<group>"; };
		3C2C55F3292F465500C316FB /* ViewController.swift */ = {isa = PBXFileReference; lastKnownFileType = sourcecode.swift; path = ViewController.swift; sourceTree = "<group>"; };
		3C2C55F8292F465500C316FB /* Images.xcassets */ = {isa = PBXFileReference; lastKnownFileType = folder.assetcatalog; path = Images.xcassets; sourceTree = "<group>"; };
		3C2C55FB292F465500C316FB /* Base */ = {isa = PBXFileReference; lastKnownFileType = file.storyboard; name = Base; path = Base.lproj/LaunchScreen.storyboard; sourceTree = "<group>"; };
		3C2C55FD292F465500C316FB /* Info.plist */ = {isa = PBXFileReference; lastKnownFileType = text.plist.xml; path = Info.plist; sourceTree = "<group>"; };
		3C2C5606292F489500C316FB /* SceneDelegate+Extension.swift */ = {isa = PBXFileReference; lastKnownFileType = sourcecode.swift; path = "SceneDelegate+Extension.swift"; sourceTree = "<group>"; };
		3C2C5619292F4D6200C316FB /* swiftgen.yml */ = {isa = PBXFileReference; fileEncoding = 4; lastKnownFileType = text.yaml; path = swiftgen.yml; sourceTree = "<group>"; };
		3C2C561C292F4DF900C316FB /* Colors.xcassets */ = {isa = PBXFileReference; lastKnownFileType = folder.assetcatalog; path = Colors.xcassets; sourceTree = "<group>"; };
		3C2C561E292F509B00C316FB /* Colors.swift */ = {isa = PBXFileReference; fileEncoding = 4; lastKnownFileType = sourcecode.swift; path = Colors.swift; sourceTree = "<group>"; };
		3C2C5620292F50AE00C316FB /* Images.swift */ = {isa = PBXFileReference; fileEncoding = 4; lastKnownFileType = sourcecode.swift; path = Images.swift; sourceTree = "<group>"; };
		3C2C5622292F50C400C316FB /* Fonts.swift */ = {isa = PBXFileReference; fileEncoding = 4; lastKnownFileType = sourcecode.swift; path = Fonts.swift; sourceTree = "<group>"; };
		3C2C5624292F517D00C316FB /* Cairo-Medium.ttf */ = {isa = PBXFileReference; lastKnownFileType = file; path = "Cairo-Medium.ttf"; sourceTree = "<group>"; };
		3C2C5625292F517D00C316FB /* Cairo-Regular.ttf */ = {isa = PBXFileReference; lastKnownFileType = file; path = "Cairo-Regular.ttf"; sourceTree = "<group>"; };
		3C2C5626292F517E00C316FB /* Cairo-Bold.ttf */ = {isa = PBXFileReference; lastKnownFileType = file; path = "Cairo-Bold.ttf"; sourceTree = "<group>"; };
		3C2C5627292F517E00C316FB /* Cairo-Black.ttf */ = {isa = PBXFileReference; lastKnownFileType = file; path = "Cairo-Black.ttf"; sourceTree = "<group>"; };
		3C2C5628292F517E00C316FB /* Cairo-Light.ttf */ = {isa = PBXFileReference; lastKnownFileType = file; path = "Cairo-Light.ttf"; sourceTree = "<group>"; };
		3C2C562B292F53E500C316FB /* APIRouterProtocol.swift */ = {isa = PBXFileReference; lastKnownFileType = sourcecode.swift; path = APIRouterProtocol.swift; sourceTree = "<group>"; };
		3C2C562D292F544100C316FB /* AuthAPIRouter.swift */ = {isa = PBXFileReference; lastKnownFileType = sourcecode.swift; path = AuthAPIRouter.swift; sourceTree = "<group>"; };
		3C2C562F292F557000C316FB /* Constants.swift */ = {isa = PBXFileReference; fileEncoding = 4; lastKnownFileType = sourcecode.swift; path = Constants.swift; sourceTree = "<group>"; };
		3C2C5632292F574100C316FB /* APIClient.swift */ = {isa = PBXFileReference; fileEncoding = 4; lastKnownFileType = sourcecode.swift; path = APIClient.swift; sourceTree = "<group>"; };
		3C2C5637292F65C100C316FB /* ServerResponse.swift */ = {isa = PBXFileReference; fileEncoding = 4; lastKnownFileType = sourcecode.swift; path = ServerResponse.swift; sourceTree = "<group>"; };
		3C2C563A292F65FC00C316FB /* UserEntity.swift */ = {isa = PBXFileReference; lastKnownFileType = sourcecode.swift; path = UserEntity.swift; sourceTree = "<group>"; };
		3C2C5641292F6CE900C316FB /* AuthGateway.swift */ = {isa = PBXFileReference; lastKnownFileType = sourcecode.swift; path = AuthGateway.swift; sourceTree = "<group>"; };
		3C2C5643292F6D6500C316FB /* LoginCredentials.swift */ = {isa = PBXFileReference; lastKnownFileType = sourcecode.swift; path = LoginCredentials.swift; sourceTree = "<group>"; };
		3C2C5646292F6F5400C316FB /* AuthRepo.swift */ = {isa = PBXFileReference; lastKnownFileType = sourcecode.swift; path = AuthRepo.swift; sourceTree = "<group>"; };
/* End PBXFileReference section */

/* Begin PBXFrameworksBuildPhase section */
		3C2C55E9292F465500C316FB /* Frameworks */ = {
			isa = PBXFrameworksBuildPhase;
			buildActionMask = 2147483647;
			files = (
				3C2C5605292F47CA00C316FB /* Alamofire in Frameworks */,
			);
			runOnlyForDeploymentPostprocessing = 0;
		};
/* End PBXFrameworksBuildPhase section */

/* Begin PBXGroup section */
		3C2C55E3292F465500C316FB = {
			isa = PBXGroup;
			children = (
				3C2C5619292F4D6200C316FB /* swiftgen.yml */,
				3C2C55EE292F465500C316FB /* iOS_loginRasid */,
				3C2C55ED292F465500C316FB /* Products */,
			);
			sourceTree = "<group>";
		};
		3C2C55ED292F465500C316FB /* Products */ = {
			isa = PBXGroup;
			children = (
				3C2C55EC292F465500C316FB /* iOS_loginRasid.app */,
			);
			name = Products;
			sourceTree = "<group>";
		};
		3C2C55EE292F465500C316FB /* iOS_loginRasid */ = {
			isa = PBXGroup;
			children = (
				3C2C5608292F4A3F00C316FB /* AppDelegate + SceneDelegate */,
				3C2C5610292F4AB900C316FB /* Storyboard */,
				3C2C5609292F4A5A00C316FB /* Resources */,
				3C2C5614292F4B5600C316FB /* Extensions */,
				3C2C5611292F4B1500C316FB /* Clients */,
				3C2C5640292F6CCC00C316FB /* Repo */,
				3C2C5636292F659300C316FB /* Models */,
				3C2C5613292F4B2F00C316FB /* Modules */,
			);
			path = iOS_loginRasid;
			sourceTree = "<group>";
		};
		3C2C5608292F4A3F00C316FB /* AppDelegate + SceneDelegate */ = {
			isa = PBXGroup;
			children = (
				3C2C55EF292F465500C316FB /* AppDelegate.swift */,
				3C2C55F1292F465500C316FB /* SceneDelegate.swift */,
				3C2C5606292F489500C316FB /* SceneDelegate+Extension.swift */,
			);
			path = "AppDelegate + SceneDelegate";
			sourceTree = "<group>";
		};
		3C2C5609292F4A5A00C316FB /* Resources */ = {
			isa = PBXGroup;
			children = (
				3C2C560C292F4A7F00C316FB /* Plist */,
				3C2C560B292F4A7700C316FB /* Constants */,
				3C2C560A292F4A6400C316FB /* Assets */,
			);
			path = Resources;
			sourceTree = "<group>";
		};
		3C2C560A292F4A6400C316FB /* Assets */ = {
			isa = PBXGroup;
			children = (
				3C2C561B292F4DCC00C316FB /* Strings */,
				3C2C560F292F4A9F00C316FB /* Colors */,
				3C2C560E292F4A9900C316FB /* Fonts */,
				3C2C560D292F4A9300C316FB /* Images */,
			);
			path = Assets;
			sourceTree = "<group>";
		};
		3C2C560B292F4A7700C316FB /* Constants */ = {
			isa = PBXGroup;
			children = (
				3C2C562F292F557000C316FB /* Constants.swift */,
			);
			path = Constants;
			sourceTree = "<group>";
		};
		3C2C560C292F4A7F00C316FB /* Plist */ = {
			isa = PBXGroup;
			children = (
				3C2C55FD292F465500C316FB /* Info.plist */,
			);
			path = Plist;
			sourceTree = "<group>";
		};
		3C2C560D292F4A9300C316FB /* Images */ = {
			isa = PBXGroup;
			children = (
				3C2C5620292F50AE00C316FB /* Images.swift */,
				3C2C55F8292F465500C316FB /* Images.xcassets */,
			);
			path = Images;
			sourceTree = "<group>";
		};
		3C2C560E292F4A9900C316FB /* Fonts */ = {
			isa = PBXGroup;
			children = (
				3C2C5627292F517E00C316FB /* Cairo-Black.ttf */,
				3C2C5626292F517E00C316FB /* Cairo-Bold.ttf */,
				3C2C5628292F517E00C316FB /* Cairo-Light.ttf */,
				3C2C5624292F517D00C316FB /* Cairo-Medium.ttf */,
				3C2C5625292F517D00C316FB /* Cairo-Regular.ttf */,
				3C2C5622292F50C400C316FB /* Fonts.swift */,
			);
			path = Fonts;
			sourceTree = "<group>";
		};
		3C2C560F292F4A9F00C316FB /* Colors */ = {
			isa = PBXGroup;
			children = (
				3C2C561E292F509B00C316FB /* Colors.swift */,
				3C2C561C292F4DF900C316FB /* Colors.xcassets */,
			);
			path = Colors;
			sourceTree = "<group>";
		};
		3C2C5610292F4AB900C316FB /* Storyboard */ = {
			isa = PBXGroup;
			children = (
				3C2C55FA292F465500C316FB /* LaunchScreen.storyboard */,
			);
			path = Storyboard;
			sourceTree = "<group>";
		};
		3C2C5611292F4B1500C316FB /* Clients */ = {
			isa = PBXGroup;
			children = (
				3C2C5629292F53C400C316FB /* Network */,
			);
			path = Clients;
			sourceTree = "<group>";
		};
		3C2C5613292F4B2F00C316FB /* Modules */ = {
			isa = PBXGroup;
			children = (
				3C2C55F3292F465500C316FB /* ViewController.swift */,
				3C2C563F292F691000C316FB /* Login */,
			);
			path = Modules;
			sourceTree = "<group>";
		};
		3C2C5614292F4B5600C316FB /* Extensions */ = {
			isa = PBXGroup;
			children = (
			);
			path = Extensions;
			sourceTree = "<group>";
		};
		3C2C561B292F4DCC00C316FB /* Strings */ = {
			isa = PBXGroup;
			children = (
			);
			path = Strings;
			sourceTree = "<group>";
		};
		3C2C5629292F53C400C316FB /* Network */ = {
			isa = PBXGroup;
			children = (
				3C2C562A292F53CB00C316FB /* APIRouter */,
				3C2C5631292F570800C316FB /* Client */,
			);
			path = Network;
			sourceTree = "<group>";
		};
		3C2C562A292F53CB00C316FB /* APIRouter */ = {
			isa = PBXGroup;
			children = (
				3C2C562B292F53E500C316FB /* APIRouterProtocol.swift */,
				3C2C562D292F544100C316FB /* AuthAPIRouter.swift */,
			);
			path = APIRouter;
			sourceTree = "<group>";
		};
		3C2C5631292F570800C316FB /* Client */ = {
			isa = PBXGroup;
			children = (
				3C2C5632292F574100C316FB /* APIClient.swift */,
			);
			path = Client;
			sourceTree = "<group>";
		};
		3C2C5636292F659300C316FB /* Models */ = {
			isa = PBXGroup;
			children = (
				3C2C5639292F65E100C316FB /* Login */,
				3C2C5637292F65C100C316FB /* ServerResponse.swift */,
			);
			path = Models;
			sourceTree = "<group>";
		};
		3C2C5639292F65E100C316FB /* Login */ = {
			isa = PBXGroup;
			children = (
				3C2C563A292F65FC00C316FB /* UserEntity.swift */,
				3C2C5643292F6D6500C316FB /* LoginCredentials.swift */,
			);
			path = Login;
			sourceTree = "<group>";
		};
		3C2C563F292F691000C316FB /* Login */ = {
			isa = PBXGroup;
			children = (
			);
			path = Login;
			sourceTree = "<group>";
		};
		3C2C5640292F6CCC00C316FB /* Repo */ = {
			isa = PBXGroup;
			children = (
				3C2C5641292F6CE900C316FB /* AuthGateway.swift */,
				3C2C5646292F6F5400C316FB /* AuthRepo.swift */,
			);
			path = Repo;
			sourceTree = "<group>";
		};
/* End PBXGroup section */

/* Begin PBXNativeTarget section */
		3C2C55EB292F465500C316FB /* iOS_loginRasid */ = {
			isa = PBXNativeTarget;
			buildConfigurationList = 3C2C5600292F465500C316FB /* Build configuration list for PBXNativeTarget "iOS_loginRasid" */;
			buildPhases = (
				3C2C5617292F4CDA00C316FB /* SwiftLint */,
				3C2C5618292F4CE700C316FB /* SwiftGen */,
				3C2C55E8292F465500C316FB /* Sources */,
				3C2C55E9292F465500C316FB /* Frameworks */,
				3C2C55EA292F465500C316FB /* Resources */,
			);
			buildRules = (
			);
			dependencies = (
			);
			name = iOS_loginRasid;
			packageProductDependencies = (
				3C2C5604292F47CA00C316FB /* Alamofire */,
			);
			productName = iOS_loginRasid;
			productReference = 3C2C55EC292F465500C316FB /* iOS_loginRasid.app */;
			productType = "com.apple.product-type.application";
		};
/* End PBXNativeTarget section */

/* Begin PBXProject section */
		3C2C55E4292F465500C316FB /* Project object */ = {
			isa = PBXProject;
			attributes = {
				BuildIndependentTargetsInParallel = 1;
				LastSwiftUpdateCheck = 1400;
				LastUpgradeCheck = 1400;
				TargetAttributes = {
					3C2C55EB292F465500C316FB = {
						CreatedOnToolsVersion = 14.0.1;
					};
				};
			};
			buildConfigurationList = 3C2C55E7292F465500C316FB /* Build configuration list for PBXProject "iOS_loginRasid" */;
			compatibilityVersion = "Xcode 14.0";
			developmentRegion = en;
			hasScannedForEncodings = 0;
			knownRegions = (
				en,
				Base,
			);
			mainGroup = 3C2C55E3292F465500C316FB;
			packageReferences = (
				3C2C5603292F47CA00C316FB /* XCRemoteSwiftPackageReference "Alamofire" */,
			);
			productRefGroup = 3C2C55ED292F465500C316FB /* Products */;
			projectDirPath = "";
			projectRoot = "";
			targets = (
				3C2C55EB292F465500C316FB /* iOS_loginRasid */,
			);
		};
/* End PBXProject section */

/* Begin PBXResourcesBuildPhase section */
		3C2C55EA292F465500C316FB /* Resources */ = {
			isa = PBXResourcesBuildPhase;
			buildActionMask = 2147483647;
			files = (
				3C2C55FC292F465500C316FB /* LaunchScreen.storyboard in Resources */,
				3C2C561D292F4DF900C316FB /* Colors.xcassets in Resources */,
				3C2C55F9292F465500C316FB /* Images.xcassets in Resources */,
				3C2C561A292F4D6200C316FB /* swiftgen.yml in Resources */,
			);
			runOnlyForDeploymentPostprocessing = 0;
		};
/* End PBXResourcesBuildPhase section */

/* Begin PBXShellScriptBuildPhase section */
		3C2C5617292F4CDA00C316FB /* SwiftLint */ = {
			isa = PBXShellScriptBuildPhase;
			buildActionMask = 2147483647;
			files = (
			);
			inputFileListPaths = (
			);
			inputPaths = (
			);
			name = SwiftLint;
			outputFileListPaths = (
			);
			outputPaths = (
			);
			runOnlyForDeploymentPostprocessing = 0;
			shellPath = /bin/sh;
			shellScript = "export PATH=\"$PATH:/opt/homebrew/bin\"\nif which swiftlint > /dev/null; then\n  swiftlint\nelse\n  echo \"warning: SwiftLint not installed\"\nfi\n";
		};
		3C2C5618292F4CE700C316FB /* SwiftGen */ = {
			isa = PBXShellScriptBuildPhase;
			buildActionMask = 2147483647;
			files = (
			);
			inputFileListPaths = (
			);
			inputPaths = (
			);
			name = SwiftGen;
			outputFileListPaths = (
			);
			outputPaths = (
			);
			runOnlyForDeploymentPostprocessing = 0;
			shellPath = /bin/sh;
			shellScript = "export PATH=\"$PATH:/opt/homebrew/bin\"\nif which swiftgen > /dev/null; then\n  swiftgen\nelse\n  echo \"warning: Swiftgen not installed\"\nfi\n";
		};
/* End PBXShellScriptBuildPhase section */

/* Begin PBXSourcesBuildPhase section */
		3C2C55E8292F465500C316FB /* Sources */ = {
			isa = PBXSourcesBuildPhase;
			buildActionMask = 2147483647;
			files = (
				3C2C563B292F65FC00C316FB /* UserEntity.swift in Sources */,
				3C2C5647292F6F5400C316FB /* AuthRepo.swift in Sources */,
				3C2C5623292F50C400C316FB /* Fonts.swift in Sources */,
				3C2C5638292F65C100C316FB /* ServerResponse.swift in Sources */,
				3C2C55F4292F465500C316FB /* ViewController.swift in Sources */,
				3C2C5642292F6CE900C316FB /* AuthGateway.swift in Sources */,
				3C2C5621292F50AE00C316FB /* Images.swift in Sources */,
				3C2C5644292F6D6500C316FB /* LoginCredentials.swift in Sources */,
				3C2C562E292F544100C316FB /* AuthAPIRouter.swift in Sources */,
				3C2C561F292F509C00C316FB /* Colors.swift in Sources */,
				3C2C5633292F574100C316FB /* APIClient.swift in Sources */,
				3C2C5630292F557100C316FB /* Constants.swift in Sources */,
				3C2C5607292F489500C316FB /* SceneDelegate+Extension.swift in Sources */,
				3C2C55F0292F465500C316FB /* AppDelegate.swift in Sources */,
				3C2C55F2292F465500C316FB /* SceneDelegate.swift in Sources */,
				3C2C562C292F53E500C316FB /* APIRouterProtocol.swift in Sources */,
			);
			runOnlyForDeploymentPostprocessing = 0;
		};
/* End PBXSourcesBuildPhase section */

/* Begin PBXVariantGroup section */
		3C2C55FA292F465500C316FB /* LaunchScreen.storyboard */ = {
			isa = PBXVariantGroup;
			children = (
				3C2C55FB292F465500C316FB /* Base */,
			);
			name = LaunchScreen.storyboard;
			sourceTree = "<group>";
		};
/* End PBXVariantGroup section */

/* Begin XCBuildConfiguration section */
		3C2C55FE292F465500C316FB /* Debug */ = {
			isa = XCBuildConfiguration;
			buildSettings = {
				ALWAYS_SEARCH_USER_PATHS = NO;
				CLANG_ANALYZER_NONNULL = YES;
				CLANG_ANALYZER_NUMBER_OBJECT_CONVERSION = YES_AGGRESSIVE;
				CLANG_CXX_LANGUAGE_STANDARD = "gnu++20";
				CLANG_ENABLE_MODULES = YES;
				CLANG_ENABLE_OBJC_ARC = YES;
				CLANG_ENABLE_OBJC_WEAK = YES;
				CLANG_WARN_BLOCK_CAPTURE_AUTORELEASING = YES;
				CLANG_WARN_BOOL_CONVERSION = YES;
				CLANG_WARN_COMMA = YES;
				CLANG_WARN_CONSTANT_CONVERSION = YES;
				CLANG_WARN_DEPRECATED_OBJC_IMPLEMENTATIONS = YES;
				CLANG_WARN_DIRECT_OBJC_ISA_USAGE = YES_ERROR;
				CLANG_WARN_DOCUMENTATION_COMMENTS = YES;
				CLANG_WARN_EMPTY_BODY = YES;
				CLANG_WARN_ENUM_CONVERSION = YES;
				CLANG_WARN_INFINITE_RECURSION = YES;
				CLANG_WARN_INT_CONVERSION = YES;
				CLANG_WARN_NON_LITERAL_NULL_CONVERSION = YES;
				CLANG_WARN_OBJC_IMPLICIT_RETAIN_SELF = YES;
				CLANG_WARN_OBJC_LITERAL_CONVERSION = YES;
				CLANG_WARN_OBJC_ROOT_CLASS = YES_ERROR;
				CLANG_WARN_QUOTED_INCLUDE_IN_FRAMEWORK_HEADER = YES;
				CLANG_WARN_RANGE_LOOP_ANALYSIS = YES;
				CLANG_WARN_STRICT_PROTOTYPES = YES;
				CLANG_WARN_SUSPICIOUS_MOVE = YES;
				CLANG_WARN_UNGUARDED_AVAILABILITY = YES_AGGRESSIVE;
				CLANG_WARN_UNREACHABLE_CODE = YES;
				CLANG_WARN__DUPLICATE_METHOD_MATCH = YES;
				COPY_PHASE_STRIP = NO;
				DEBUG_INFORMATION_FORMAT = dwarf;
				ENABLE_STRICT_OBJC_MSGSEND = YES;
				ENABLE_TESTABILITY = YES;
				GCC_C_LANGUAGE_STANDARD = gnu11;
				GCC_DYNAMIC_NO_PIC = NO;
				GCC_NO_COMMON_BLOCKS = YES;
				GCC_OPTIMIZATION_LEVEL = 0;
				GCC_PREPROCESSOR_DEFINITIONS = (
					"DEBUG=1",
					"$(inherited)",
				);
				GCC_WARN_64_TO_32_BIT_CONVERSION = YES;
				GCC_WARN_ABOUT_RETURN_TYPE = YES_ERROR;
				GCC_WARN_UNDECLARED_SELECTOR = YES;
				GCC_WARN_UNINITIALIZED_AUTOS = YES_AGGRESSIVE;
				GCC_WARN_UNUSED_FUNCTION = YES;
				GCC_WARN_UNUSED_VARIABLE = YES;
				IPHONEOS_DEPLOYMENT_TARGET = 16.0;
				MTL_ENABLE_DEBUG_INFO = INCLUDE_SOURCE;
				MTL_FAST_MATH = YES;
				ONLY_ACTIVE_ARCH = YES;
				SDKROOT = iphoneos;
				SWIFT_ACTIVE_COMPILATION_CONDITIONS = DEBUG;
				SWIFT_OPTIMIZATION_LEVEL = "-Onone";
			};
			name = Debug;
		};
		3C2C55FF292F465500C316FB /* Release */ = {
			isa = XCBuildConfiguration;
			buildSettings = {
				ALWAYS_SEARCH_USER_PATHS = NO;
				CLANG_ANALYZER_NONNULL = YES;
				CLANG_ANALYZER_NUMBER_OBJECT_CONVERSION = YES_AGGRESSIVE;
				CLANG_CXX_LANGUAGE_STANDARD = "gnu++20";
				CLANG_ENABLE_MODULES = YES;
				CLANG_ENABLE_OBJC_ARC = YES;
				CLANG_ENABLE_OBJC_WEAK = YES;
				CLANG_WARN_BLOCK_CAPTURE_AUTORELEASING = YES;
				CLANG_WARN_BOOL_CONVERSION = YES;
				CLANG_WARN_COMMA = YES;
				CLANG_WARN_CONSTANT_CONVERSION = YES;
				CLANG_WARN_DEPRECATED_OBJC_IMPLEMENTATIONS = YES;
				CLANG_WARN_DIRECT_OBJC_ISA_USAGE = YES_ERROR;
				CLANG_WARN_DOCUMENTATION_COMMENTS = YES;
				CLANG_WARN_EMPTY_BODY = YES;
				CLANG_WARN_ENUM_CONVERSION = YES;
				CLANG_WARN_INFINITE_RECURSION = YES;
				CLANG_WARN_INT_CONVERSION = YES;
				CLANG_WARN_NON_LITERAL_NULL_CONVERSION = YES;
				CLANG_WARN_OBJC_IMPLICIT_RETAIN_SELF = YES;
				CLANG_WARN_OBJC_LITERAL_CONVERSION = YES;
				CLANG_WARN_OBJC_ROOT_CLASS = YES_ERROR;
				CLANG_WARN_QUOTED_INCLUDE_IN_FRAMEWORK_HEADER = YES;
				CLANG_WARN_RANGE_LOOP_ANALYSIS = YES;
				CLANG_WARN_STRICT_PROTOTYPES = YES;
				CLANG_WARN_SUSPICIOUS_MOVE = YES;
				CLANG_WARN_UNGUARDED_AVAILABILITY = YES_AGGRESSIVE;
				CLANG_WARN_UNREACHABLE_CODE = YES;
				CLANG_WARN__DUPLICATE_METHOD_MATCH = YES;
				COPY_PHASE_STRIP = NO;
				DEBUG_INFORMATION_FORMAT = "dwarf-with-dsym";
				ENABLE_NS_ASSERTIONS = NO;
				ENABLE_STRICT_OBJC_MSGSEND = YES;
				GCC_C_LANGUAGE_STANDARD = gnu11;
				GCC_NO_COMMON_BLOCKS = YES;
				GCC_WARN_64_TO_32_BIT_CONVERSION = YES;
				GCC_WARN_ABOUT_RETURN_TYPE = YES_ERROR;
				GCC_WARN_UNDECLARED_SELECTOR = YES;
				GCC_WARN_UNINITIALIZED_AUTOS = YES_AGGRESSIVE;
				GCC_WARN_UNUSED_FUNCTION = YES;
				GCC_WARN_UNUSED_VARIABLE = YES;
				IPHONEOS_DEPLOYMENT_TARGET = 16.0;
				MTL_ENABLE_DEBUG_INFO = NO;
				MTL_FAST_MATH = YES;
				SDKROOT = iphoneos;
				SWIFT_COMPILATION_MODE = wholemodule;
				SWIFT_OPTIMIZATION_LEVEL = "-O";
				VALIDATE_PRODUCT = YES;
			};
			name = Release;
		};
		3C2C5601292F465500C316FB /* Debug */ = {
			isa = XCBuildConfiguration;
			buildSettings = {
				ASSETCATALOG_COMPILER_APPICON_NAME = AppIcon;
				ASSETCATALOG_COMPILER_GLOBAL_ACCENT_COLOR_NAME = AccentColor;
				CODE_SIGN_STYLE = Automatic;
				CURRENT_PROJECT_VERSION = 1;
				GENERATE_INFOPLIST_FILE = YES;
				INFOPLIST_FILE = iOS_loginRasid/Resources/Plist/Info.plist;
				INFOPLIST_KEY_UIApplicationSupportsIndirectInputEvents = YES;
				INFOPLIST_KEY_UILaunchStoryboardName = LaunchScreen;
				INFOPLIST_KEY_UISupportedInterfaceOrientations_iPad = "UIInterfaceOrientationPortrait UIInterfaceOrientationPortraitUpsideDown UIInterfaceOrientationLandscapeLeft UIInterfaceOrientationLandscapeRight";
				INFOPLIST_KEY_UISupportedInterfaceOrientations_iPhone = "UIInterfaceOrientationPortrait UIInterfaceOrientationLandscapeLeft UIInterfaceOrientationLandscapeRight";
				LD_RUNPATH_SEARCH_PATHS = (
					"$(inherited)",
					"@executable_path/Frameworks",
				);
				MARKETING_VERSION = 1.0;
				PRODUCT_BUNDLE_IDENTIFIER = "abd2lrady.iOS-loginRasid";
				PRODUCT_NAME = "$(TARGET_NAME)";
				SWIFT_EMIT_LOC_STRINGS = YES;
				SWIFT_VERSION = 5.0;
				TARGETED_DEVICE_FAMILY = "1,2";
			};
			name = Debug;
		};
		3C2C5602292F465500C316FB /* Release */ = {
			isa = XCBuildConfiguration;
			buildSettings = {
				ASSETCATALOG_COMPILER_APPICON_NAME = AppIcon;
				ASSETCATALOG_COMPILER_GLOBAL_ACCENT_COLOR_NAME = AccentColor;
				CODE_SIGN_STYLE = Automatic;
				CURRENT_PROJECT_VERSION = 1;
				GENERATE_INFOPLIST_FILE = YES;
				INFOPLIST_FILE = iOS_loginRasid/Resources/Plist/Info.plist;
				INFOPLIST_KEY_UIApplicationSupportsIndirectInputEvents = YES;
				INFOPLIST_KEY_UILaunchStoryboardName = LaunchScreen;
				INFOPLIST_KEY_UISupportedInterfaceOrientations_iPad = "UIInterfaceOrientationPortrait UIInterfaceOrientationPortraitUpsideDown UIInterfaceOrientationLandscapeLeft UIInterfaceOrientationLandscapeRight";
				INFOPLIST_KEY_UISupportedInterfaceOrientations_iPhone = "UIInterfaceOrientationPortrait UIInterfaceOrientationLandscapeLeft UIInterfaceOrientationLandscapeRight";
				LD_RUNPATH_SEARCH_PATHS = (
					"$(inherited)",
					"@executable_path/Frameworks",
				);
				MARKETING_VERSION = 1.0;
				PRODUCT_BUNDLE_IDENTIFIER = "abd2lrady.iOS-loginRasid";
				PRODUCT_NAME = "$(TARGET_NAME)";
				SWIFT_EMIT_LOC_STRINGS = YES;
				SWIFT_VERSION = 5.0;
				TARGETED_DEVICE_FAMILY = "1,2";
			};
			name = Release;
		};
/* End XCBuildConfiguration section */

/* Begin XCConfigurationList section */
		3C2C55E7292F465500C316FB /* Build configuration list for PBXProject "iOS_loginRasid" */ = {
			isa = XCConfigurationList;
			buildConfigurations = (
				3C2C55FE292F465500C316FB /* Debug */,
				3C2C55FF292F465500C316FB /* Release */,
			);
			defaultConfigurationIsVisible = 0;
			defaultConfigurationName = Release;
		};
		3C2C5600292F465500C316FB /* Build configuration list for PBXNativeTarget "iOS_loginRasid" */ = {
			isa = XCConfigurationList;
			buildConfigurations = (
				3C2C5601292F465500C316FB /* Debug */,
				3C2C5602292F465500C316FB /* Release */,
			);
			defaultConfigurationIsVisible = 0;
			defaultConfigurationName = Release;
		};
/* End XCConfigurationList section */

/* Begin XCRemoteSwiftPackageReference section */
		3C2C5603292F47CA00C316FB /* XCRemoteSwiftPackageReference "Alamofire" */ = {
			isa = XCRemoteSwiftPackageReference;
			repositoryURL = "https://github.com/Alamofire/Alamofire.git";
			requirement = {
				kind = upToNextMajorVersion;
				minimumVersion = 5.0.0;
			};
		};
/* End XCRemoteSwiftPackageReference section */

/* Begin XCSwiftPackageProductDependency section */
		3C2C5604292F47CA00C316FB /* Alamofire */ = {
			isa = XCSwiftPackageProductDependency;
			package = 3C2C5603292F47CA00C316FB /* XCRemoteSwiftPackageReference "Alamofire" */;
			productName = Alamofire;
		};
/* End XCSwiftPackageProductDependency section */
	};
	rootObject = 3C2C55E4292F465500C316FB /* Project object */;
}
